
Microsoft Visual Studio Solution File, Format Version 12.00
# Visual Studio Version 16
VisualStudioVersion = 16.0.30621.155
MinimumVisualStudioVersion = 10.0.40219.1
Project("{9A19103F-16F7-4668-BE54-9A1E7A4F7556}") = "CampIntro", "CampIntro\CampIntro.csproj", "{B494C103-5774-4DEA-8558-57B3475F952B}"
EndProject
Project("{9A19103F-16F7-4668-BE54-9A1E7A4F7556}") = "Donguler", "Donguler\Donguler.csproj", "{5FBBA266-0492-41D0-ADC8-A748A302F5CA}"
EndProject
Project("{9A19103F-16F7-4668-BE54-9A1E7A4F7556}") = "ClassIntro", "ClassIntro\ClassIntro.csproj", "{8404554D-8E29-4FFB-B660-C584C3F455E6}"
EndProject
Project("{FAE04EC0-301F-11D3-BF4B-00C04F79EFBC}") = "Metotlar", "Metotlar\Metotlar.csproj", "{B35228A0-04E1-4981-8D65-4B1D44D34113}"
EndProject
Project("{FAE04EC0-301F-11D3-BF4B-00C04F79EFBC}") = "Matematik", "Matematik\Matematik.csproj", "{DA46C5CC-E8CA-4593-932F-860D33804812}"
EndProject
Project("{FAE04EC0-301F-11D3-BF4B-00C04F79EFBC}") = "DegerVeReferansTipler", "DegerVeReferansTipler\DegerVeReferansTipler.csproj", "{914F6663-FF64-4A7B-9B48-9B91359C8D33}"
EndProject
Global
	GlobalSection(SolutionConfigurationPlatforms) = preSolution
		Debug|Any CPU = Debug|Any CPU
		Release|Any CPU = Release|Any CPU
	EndGlobalSection
	GlobalSection(ProjectConfigurationPlatforms) = postSolution
		{B494C103-5774-4DEA-8558-57B3475F952B}.Debug|Any CPU.ActiveCfg = Debug|Any CPU
		{B494C103-5774-4DEA-8558-57B3475F952B}.Debug|Any CPU.Build.0 = Debug|Any CPU
		{B494C103-5774-4DEA-8558-57B3475F952B}.Release|Any CPU.ActiveCfg = Release|Any CPU
		{B494C103-5774-4DEA-8558-57B3475F952B}.Release|Any CPU.Build.0 = Release|Any CPU
		{5FBBA266-0492-41D0-ADC8-A748A302F5CA}.Debug|Any CPU.ActiveCfg = Debug|Any CPU
		{5FBBA266-0492-41D0-ADC8-A748A302F5CA}.Debug|Any CPU.Build.0 = Debug|Any CPU
		{5FBBA266-0492-41D0-ADC8-A748A302F5CA}.Release|Any CPU.ActiveCfg = Release|Any CPU
		{5FBBA266-0492-41D0-ADC8-A748A302F5CA}.Release|Any CPU.Build.0 = Release|Any CPU
		{8404554D-8E29-4FFB-B660-C584C3F455E6}.Debug|Any CPU.ActiveCfg = Debug|Any CPU
		{8404554D-8E29-4FFB-B660-C584C3F455E6}.Debug|Any CPU.Build.0 = Debug|Any CPU
		{8404554D-8E29-4FFB-B660-C584C3F455E6}.Release|Any CPU.ActiveCfg = Release|Any CPU
		{8404554D-8E29-4FFB-B660-C584C3F455E6}.Release|Any CPU.Build.0 = Release|Any CPU
		{B35228A0-04E1-4981-8D65-4B1D44D34113}.Debug|Any CPU.ActiveCfg = Debug|Any CPU
		{B35228A0-04E1-4981-8D65-4B1D44D34113}.Debug|Any CPU.Build.0 = Debug|Any CPU
		{B35228A0-04E1-4981-8D65-4B1D44D34113}.Release|Any CPU.ActiveCfg = Release|Any CPU
		{B35228A0-04E1-4981-8D65-4B1D44D34113}.Release|Any CPU.Build.0 = Release|Any CPU
		{DA46C5CC-E8CA-4593-932F-860D33804812}.Debug|Any CPU.ActiveCfg = Debug|Any CPU
		{DA46C5CC-E8CA-4593-932F-860D33804812}.Debug|Any CPU.Build.0 = Debug|Any CPU
		{DA46C5CC-E8CA-4593-932F-860D33804812}.Release|Any CPU.ActiveCfg = Release|Any CPU
		{DA46C5CC-E8CA-4593-932F-860D33804812}.Release|Any CPU.Build.0 = Release|Any CPU
		{914F6663-FF64-4A7B-9B48-9B91359C8D33}.Debug|Any CPU.ActiveCfg = Debug|Any CPU
		{914F6663-FF64-4A7B-9B48-9B91359C8D33}.Debug|Any CPU.Build.0 = Debug|Any CPU
		{914F6663-FF64-4A7B-9B48-9B91359C8D33}.Release|Any CPU.ActiveCfg = Release|Any CPU
		{914F6663-FF64-4A7B-9B48-9B91359C8D33}.Release|Any CPU.Build.0 = Release|Any CPU
	EndGlobalSection
	GlobalSection(SolutionProperties) = preSolution
		HideSolutionNode = FALSE
	EndGlobalSection
	GlobalSection(ExtensibilityGlobals) = postSolution
		SolutionGuid = {1C79795F-DE29-4336-810A-0DA02B5995CE}
	EndGlobalSection
EndGlobal
